
Microsoft Visual Studio Solution File, Format Version 12.00
# Visual Studio 2012
Project("{FAE04EC0-301F-11D3-BF4B-00C04F79EFBC}") = "Square", "Square\Square.csproj", "{925252F7-149D-4835-B866-F44166515812}"
EndProject
Global
	GlobalSection(SolutionConfigurationPlatforms) = preSolution
		Debug|Any CPU = Debug|Any CPU
		Release|Any CPU = Release|Any CPU
	EndGlobalSection
	GlobalSection(ProjectConfigurationPlatforms) = postSolution
		{925252F7-149D-4835-B866-F44166515812}.Debug|Any CPU.ActiveCfg = Debug|Any CPU
		{925252F7-149D-4835-B866-F44166515812}.Debug|Any CPU.Build.0 = Debug|Any CPU
		{925252F7-149D-4835-B866-F44166515812}.Release|Any CPU.ActiveCfg = Release|Any CPU
		{925252F7-149D-4835-B866-F44166515812}.Release|Any CPU.Build.0 = Release|Any CPU
	EndGlobalSection
	GlobalSection(MonoDevelopProperties) = preSolution
		Policies = $0
		$0.DotNetNamingPolicy = $1
		$1.DirectoryNamespaceAssociation = PrefixedHierarchical
		$0.TextStylePolicy = $2
		$2.inheritsSet = null
		$2.scope = text/x-csharp
		$0.CSharpFormattingPolicy = $3
		$3.scope = text/x-csharp
		$0.TextStylePolicy = $4
		$4.inheritsSet = null
		$4.scope = text/x-json
		$0.JSONFormattingPolicy = $5
		$5.AutoStructureCompletion = True
		$5.BracePositions = SemiExpanded
		$5.FormatOnPaste = True
		$5.scope = text/x-json
		$0.StandardHeader = $6
		$0.VersionControlPolicy = $7
	EndGlobalSection
EndGlobal
